// !$*UTF8*$!
{
	archiveVersion = 1;
	classes = {
	};
	objectVersion = 46;
	objects = {

/* Begin PBXBuildFile section */
		27D423BB1AF81CE00099F224 /* AppDelegate.swift in Sources */ = {isa = PBXBuildFile; fileRef = 27D423BA1AF81CE00099F224 /* AppDelegate.swift */; };
		27D423BD1AF81CE00099F224 /* ViewController.swift in Sources */ = {isa = PBXBuildFile; fileRef = 27D423BC1AF81CE00099F224 /* ViewController.swift */; };
		27D423C01AF81CE00099F224 /* Main.storyboard in Resources */ = {isa = PBXBuildFile; fileRef = 27D423BE1AF81CE00099F224 /* Main.storyboard */; };
		27D423C21AF81CE00099F224 /* Images.xcassets in Resources */ = {isa = PBXBuildFile; fileRef = 27D423C11AF81CE00099F224 /* Images.xcassets */; };
		27D423C51AF81CE00099F224 /* LaunchScreen.xib in Resources */ = {isa = PBXBuildFile; fileRef = 27D423C31AF81CE00099F224 /* LaunchScreen.xib */; };
		27D423D11AF81CE00099F224 /* DayXTrioSwiftTests.swift in Sources */ = {isa = PBXBuildFile; fileRef = 27D423D01AF81CE00099F224 /* DayXTrioSwiftTests.swift */; };
		27D424211AF9595B0099F224 /* DetailViewController.swift in Sources */ = {isa = PBXBuildFile; fileRef = 27D424201AF9595B0099F224 /* DetailViewController.swift */; };
/* End PBXBuildFile section */

/* Begin PBXContainerItemProxy section */
		27D423CB1AF81CE00099F224 /* PBXContainerItemProxy */ = {
			isa = PBXContainerItemProxy;
			containerPortal = 27D423AD1AF81CDF0099F224 /* Project object */;
			proxyType = 1;
			remoteGlobalIDString = 27D423B41AF81CE00099F224;
			remoteInfo = DayXTrioSwift;
		};
/* End PBXContainerItemProxy section */

/* Begin PBXFileReference section */
		27D423B51AF81CE00099F224 /* DayXTrioSwift.app */ = {isa = PBXFileReference; explicitFileType = wrapper.application; includeInIndex = 0; path = DayXTrioSwift.app; sourceTree = BUILT_PRODUCTS_DIR; };
		27D423B91AF81CE00099F224 /* Info.plist */ = {isa = PBXFileReference; lastKnownFileType = text.plist.xml; path = Info.plist; sourceTree = "<group>"; };
		27D423BA1AF81CE00099F224 /* AppDelegate.swift */ = {isa = PBXFileReference; lastKnownFileType = sourcecode.swift; path = AppDelegate.swift; sourceTree = "<group>"; };
		27D423BC1AF81CE00099F224 /* ViewController.swift */ = {isa = PBXFileReference; lastKnownFileType = sourcecode.swift; path = ViewController.swift; sourceTree = "<group>"; };
		27D423BF1AF81CE00099F224 /* Base */ = {isa = PBXFileReference; lastKnownFileType = file.storyboard; name = Base; path = Base.lproj/Main.storyboard; sourceTree = "<group>"; };
		27D423C11AF81CE00099F224 /* Images.xcassets */ = {isa = PBXFileReference; lastKnownFileType = folder.assetcatalog; path = Images.xcassets; sourceTree = "<group>"; };
		27D423C41AF81CE00099F224 /* Base */ = {isa = PBXFileReference; lastKnownFileType = file.xib; name = Base; path = Base.lproj/LaunchScreen.xib; sourceTree = "<group>"; };
		27D423CA1AF81CE00099F224 /* DayXTrioSwiftTests.xctest */ = {isa = PBXFileReference; explicitFileType = wrapper.cfbundle; includeInIndex = 0; path = DayXTrioSwiftTests.xctest; sourceTree = BUILT_PRODUCTS_DIR; };
		27D423CF1AF81CE00099F224 /* Info.plist */ = {isa = PBXFileReference; lastKnownFileType = text.plist.xml; path = Info.plist; sourceTree = "<group>"; };
		27D423D01AF81CE00099F224 /* DayXTrioSwiftTests.swift */ = {isa = PBXFileReference; lastKnownFileType = sourcecode.swift; path = DayXTrioSwiftTests.swift; sourceTree = "<group>"; };
		27D424201AF9595B0099F224 /* DetailViewController.swift */ = {isa = PBXFileReference; fileEncoding = 4; lastKnownFileType = sourcecode.swift; path = DetailViewController.swift; sourceTree = "<group>"; };
/* End PBXFileReference section */

/* Begin PBXFrameworksBuildPhase section */
		27D423B21AF81CE00099F224 /* Frameworks */ = {
			isa = PBXFrameworksBuildPhase;
			buildActionMask = 2147483647;
			files = (
			);
			runOnlyForDeploymentPostprocessing = 0;
		};
		27D423C71AF81CE00099F224 /* Frameworks */ = {
			isa = PBXFrameworksBuildPhase;
			buildActionMask = 2147483647;
			files = (
			);
			runOnlyForDeploymentPostprocessing = 0;
		};
/* End PBXFrameworksBuildPhase section */

/* Begin PBXGroup section */
		27D423AC1AF81CDF0099F224 = {
			isa = PBXGroup;
			children = (
				27D423B71AF81CE00099F224 /* DayXTrioSwift */,
				27D423CD1AF81CE00099F224 /* DayXTrioSwiftTests */,
				27D423B61AF81CE00099F224 /* Products */,
			);
			sourceTree = "<group>";
		};
		27D423B61AF81CE00099F224 /* Products */ = {
			isa = PBXGroup;
			children = (
				27D423B51AF81CE00099F224 /* DayXTrioSwift.app */,
				27D423CA1AF81CE00099F224 /* DayXTrioSwiftTests.xctest */,
			);
			name = Products;
			sourceTree = "<group>";
		};
		27D423B71AF81CE00099F224 /* DayXTrioSwift */ = {
			isa = PBXGroup;
			children = (
				27D423BA1AF81CE00099F224 /* AppDelegate.swift */,
				27D423BC1AF81CE00099F224 /* ViewController.swift */,
				27D424201AF9595B0099F224 /* DetailViewController.swift */,
				27D423BE1AF81CE00099F224 /* Main.storyboard */,
				27D423C11AF81CE00099F224 /* Images.xcassets */,
				27D423C31AF81CE00099F224 /* LaunchScreen.xib */,
				27D423B81AF81CE00099F224 /* Supporting Files */,
			);
			path = DayXTrioSwift;
			sourceTree = "<group>";
		};
		27D423B81AF81CE00099F224 /* Supporting Files */ = {
			isa = PBXGroup;
			children = (
				27D423B91AF81CE00099F224 /* Info.plist */,
			);
			name = "Supporting Files";
			sourceTree = "<group>";
		};
		27D423CD1AF81CE00099F224 /* DayXTrioSwiftTests */ = {
			isa = PBXGroup;
			children = (
				27D423D01AF81CE00099F224 /* DayXTrioSwiftTests.swift */,
				27D423CE1AF81CE00099F224 /* Supporting Files */,
			);
			path = DayXTrioSwiftTests;
			sourceTree = "<group>";
		};
		27D423CE1AF81CE00099F224 /* Supporting Files */ = {
			isa = PBXGroup;
			children = (
				27D423CF1AF81CE00099F224 /* Info.plist */,
			);
			name = "Supporting Files";
			sourceTree = "<group>";
		};
/* End PBXGroup section */

/* Begin PBXNativeTarget section */
		27D423B41AF81CE00099F224 /* DayXTrioSwift */ = {
			isa = PBXNativeTarget;
			buildConfigurationList = 27D423D41AF81CE00099F224 /* Build configuration list for PBXNativeTarget "DayXTrioSwift" */;
			buildPhases = (
				27D423B11AF81CE00099F224 /* Sources */,
				27D423B21AF81CE00099F224 /* Frameworks */,
				27D423B31AF81CE00099F224 /* Resources */,
			);
			buildRules = (
			);
			dependencies = (
			);
			name = DayXTrioSwift;
			productName = DayXTrioSwift;
			productReference = 27D423B51AF81CE00099F224 /* DayXTrioSwift.app */;
			productType = "com.apple.product-type.application";
		};
		27D423C91AF81CE00099F224 /* DayXTrioSwiftTests */ = {
			isa = PBXNativeTarget;
			buildConfigurationList = 27D423D71AF81CE00099F224 /* Build configuration list for PBXNativeTarget "DayXTrioSwiftTests" */;
			buildPhases = (
				27D423C61AF81CE00099F224 /* Sources */,
				27D423C71AF81CE00099F224 /* Frameworks */,
				27D423C81AF81CE00099F224 /* Resources */,
			);
			buildRules = (
			);
			dependencies = (
				27D423CC1AF81CE00099F224 /* PBXTargetDependency */,
			);
			name = DayXTrioSwiftTests;
			productName = DayXTrioSwiftTests;
			productReference = 27D423CA1AF81CE00099F224 /* DayXTrioSwiftTests.xctest */;
			productType = "com.apple.product-type.bundle.unit-test";
		};
/* End PBXNativeTarget section */

/* Begin PBXProject section */
		27D423AD1AF81CDF0099F224 /* Project object */ = {
			isa = PBXProject;
			attributes = {
				LastUpgradeCheck = 0630;
				ORGANIZATIONNAME = "Ethan Hess";
				TargetAttributes = {
					27D423B41AF81CE00099F224 = {
						CreatedOnToolsVersion = 6.3.1;
					};
					27D423C91AF81CE00099F224 = {
						CreatedOnToolsVersion = 6.3.1;
						TestTargetID = 27D423B41AF81CE00099F224;
					};
				};
			};
			buildConfigurationList = 27D423B01AF81CDF0099F224 /* Build configuration list for PBXProject "DayXTrioSwift" */;
			compatibilityVersion = "Xcode 3.2";
			developmentRegion = English;
			hasScannedForEncodings = 0;
			knownRegions = (
				en,
				Base,
			);
			mainGroup = 27D423AC1AF81CDF0099F224;
			productRefGroup = 27D423B61AF81CE00099F224 /* Products */;
			projectDirPath = "";
			projectRoot = "";
			targets = (
				27D423B41AF81CE00099F224 /* DayXTrioSwift */,
				27D423C91AF81CE00099F224 /* DayXTrioSwiftTests */,
			);
		};
/* End PBXProject section */

/* Begin PBXResourcesBuildPhase section */
		27D423B31AF81CE00099F224 /* Resources */ = {
			isa = PBXResourcesBuildPhase;
			buildActionMask = 2147483647;
			files = (
				27D423C01AF81CE00099F224 /* Main.storyboard in Resources */,
				27D423C51AF81CE00099F224 /* LaunchScreen.xib in Resources */,
				27D423C21AF81CE00099F224 /* Images.xcassets in Resources */,
			);
			runOnlyForDeploymentPostprocessing = 0;
		};
		27D423C81AF81CE00099F224 /* Resources */ = {
			isa = PBXResourcesBuildPhase;
			buildActionMask = 2147483647;
			files = (
			);
			runOnlyForDeploymentPostprocessing = 0;
		};
/* End PBXResourcesBuildPhase section */

/* Begin PBXSourcesBuildPhase section */
		27D423B11AF81CE00099F224 /* Sources */ = {
			isa = PBXSourcesBuildPhase;
			buildActionMask = 2147483647;
			files = (
				27D424211AF9595B0099F224 /* DetailViewController.swift in Sources */,
				27D423BD1AF81CE00099F224 /* ViewController.swift in Sources */,
				27D423BB1AF81CE00099F224 /* AppDelegate.swift in Sources */,
			);
			runOnlyForDeploymentPostprocessing = 0;
		};
		27D423C61AF81CE00099F224 /* Sources */ = {
			isa = PBXSourcesBuildPhase;
			buildActionMask = 2147483647;
			files = (
				27D423D11AF81CE00099F224 /* DayXTrioSwiftTests.swift in Sources */,
			);
			runOnlyForDeploymentPostprocessing = 0;
		};
/* End PBXSourcesBuildPhase section */

/* Begin PBXTargetDependency section */
		27D423CC1AF81CE00099F224 /* PBXTargetDependency */ = {
			isa = PBXTargetDependency;
			target = 27D423B41AF81CE00099F224 /* DayXTrioSwift */;
			targetProxy = 27D423CB1AF81CE00099F224 /* PBXContainerItemProxy */;
		};
/* End PBXTargetDependency section */

/* Begin PBXVariantGroup section */
		27D423BE1AF81CE00099F224 /* Main.storyboard */ = {
			isa = PBXVariantGroup;
			children = (
				27D423BF1AF81CE00099F224 /* Base */,
			);
			name = Main.storyboard;
			sourceTree = "<group>";
		};
		27D423C31AF81CE00099F224 /* LaunchScreen.xib */ = {
			isa = PBXVariantGroup;
			children = (
				27D423C41AF81CE00099F224 /* Base */,
			);
			name = LaunchScreen.xib;
			sourceTree = "<group>";
		};
/* End PBXVariantGroup section */

/* Begin XCBuildConfiguration section */
		27D423D21AF81CE00099F224 /* Debug */ = {
			isa = XCBuildConfiguration;
			buildSettings = {
				ALWAYS_SEARCH_USER_PATHS = NO;
				CLANG_CXX_LANGUAGE_STANDARD = "gnu++0x";
				CLANG_CXX_LIBRARY = "libc++";
				CLANG_ENABLE_MODULES = YES;
				CLANG_ENABLE_OBJC_ARC = YES;
				CLANG_WARN_BOOL_CONVERSION = YES;
				CLANG_WARN_CONSTANT_CONVERSION = YES;
				CLANG_WARN_DIRECT_OBJC_ISA_USAGE = YES_ERROR;
				CLANG_WARN_EMPTY_BODY = YES;
				CLANG_WARN_ENUM_CONVERSION = YES;
				CLANG_WARN_INT_CONVERSION = YES;
				CLANG_WARN_OBJC_ROOT_CLASS = YES_ERROR;
				CLANG_WARN_UNREACHABLE_CODE = YES;
				CLANG_WARN__DUPLICATE_METHOD_MATCH = YES;
				"CODE_SIGN_IDENTITY[sdk=iphoneos*]" = "iPhone Developer";
				COPY_PHASE_STRIP = NO;
				DEBUG_INFORMATION_FORMAT = "dwarf-with-dsym";
				ENABLE_STRICT_OBJC_MSGSEND = YES;
				GCC_C_LANGUAGE_STANDARD = gnu99;
				GCC_DYNAMIC_NO_PIC = NO;
				GCC_NO_COMMON_BLOCKS = YES;
				GCC_OPTIMIZATION_LEVEL = 0;
				GCC_PREPROCESSOR_DEFINITIONS = (
					"DEBUG=1",
					"$(inherited)",
				);
				GCC_SYMBOLS_PRIVATE_EXTERN = NO;
				GCC_WARN_64_TO_32_BIT_CONVERSION = YES;
				GCC_WARN_ABOUT_RETURN_TYPE = YES_ERROR;
				GCC_WARN_UNDECLARED_SELECTOR = YES;
				GCC_WARN_UNINITIALIZED_AUTOS = YES_AGGRESSIVE;
				GCC_WARN_UNUSED_FUNCTION = YES;
				GCC_WARN_UNUSED_VARIABLE = YES;
				IPHONEOS_DEPLOYMENT_TARGET = 8.3;
				MTL_ENABLE_DEBUG_INFO = YES;
				ONLY_ACTIVE_ARCH = YES;
				SDKROOT = iphoneos;
				SWIFT_OPTIMIZATION_LEVEL = "-Onone";
				TARGETED_DEVICE_FAMILY = "1,2";
			};
			name = Debug;
		};
		27D423D31AF81CE00099F224 /* Release */ = {
			isa = XCBuildConfiguration;
			buildSettings = {
				ALWAYS_SEARCH_USER_PATHS = NO;
				CLANG_CXX_LANGUAGE_STANDARD = "gnu++0x";
				CLANG_CXX_LIBRARY = "libc++";
				CLANG_ENABLE_MODULES = YES;
				CLANG_ENABLE_OBJC_ARC = YES;
				CLANG_WARN_BOOL_CONVERSION = YES;
				CLANG_WARN_CONSTANT_CONVERSION = YES;
				CLANG_WARN_DIRECT_OBJC_ISA_USAGE = YES_ERROR;
				CLANG_WARN_EMPTY_BODY = YES;
				CLANG_WARN_ENUM_CONVERSION = YES;
				CLANG_WARN_INT_CONVERSION = YES;
				CLANG_WARN_OBJC_ROOT_CLASS = YES_ERROR;
				CLANG_WARN_UNREACHABLE_CODE = YES;
				CLANG_WARN__DUPLICATE_METHOD_MATCH = YES;
				"CODE_SIGN_IDENTITY[sdk=iphoneos*]" = "iPhone Developer";
				COPY_PHASE_STRIP = NO;
				DEBUG_INFORMATION_FORMAT = "dwarf-with-dsym";
				ENABLE_NS_ASSERTIONS = NO;
				ENABLE_STRICT_OBJC_MSGSEND = YES;
				GCC_C_LANGUAGE_STANDARD = gnu99;
				GCC_NO_COMMON_BLOCKS = YES;
				GCC_WARN_64_TO_32_BIT_CONVERSION = YES;
				GCC_WARN_ABOUT_RETURN_TYPE = YES_ERROR;
				GCC_WARN_UNDECLARED_SELECTOR = YES;
				GCC_WARN_UNINITIALIZED_AUTOS = YES_AGGRESSIVE;
				GCC_WARN_UNUSED_FUNCTION = YES;
				GCC_WARN_UNUSED_VARIABLE = YES;
				IPHONEOS_DEPLOYMENT_TARGET = 8.3;
				MTL_ENABLE_DEBUG_INFO = NO;
				SDKROOT = iphoneos;
				TARGETED_DEVICE_FAMILY = "1,2";
				VALIDATE_PRODUCT = YES;
			};
			name = Release;
		};
		27D423D51AF81CE00099F224 /* Debug */ = {
			isa = XCBuildConfiguration;
			buildSettings = {
				ASSETCATALOG_COMPILER_APPICON_NAME = AppIcon;
				INFOPLIST_FILE = DayXTrioSwift/Info.plist;
				LD_RUNPATH_SEARCH_PATHS = "$(inherited) @executable_path/Frameworks";
				PRODUCT_NAME = "$(TARGET_NAME)";
			};
			name = Debug;
		};
		27D423D61AF81CE00099F224 /* Release */ = {
			isa = XCBuildConfiguration;
			buildSettings = {
				ASSETCATALOG_COMPILER_APPICON_NAME = AppIcon;
				INFOPLIST_FILE = DayXTrioSwift/Info.plist;
				LD_RUNPATH_SEARCH_PATHS = "$(inherited) @executable_path/Frameworks";
				PRODUCT_NAME = "$(TARGET_NAME)";
			};
			name = Release;
		};
		27D423D81AF81CE00099F224 /* Debug */ = {
			isa = XCBuildConfiguration;
			buildSettings = {
				BUNDLE_LOADER = "$(TEST_HOST)";
				FRAMEWORK_SEARCH_PATHS = (
					"$(SDKROOT)/Developer/Library/Frameworks",
					"$(inherited)",
				);
				GCC_PREPROCESSOR_DEFINITIONS = (
					"DEBUG=1",
					"$(inherited)",
				);
				INFOPLIST_FILE = DayXTrioSwiftTests/Info.plist;
				LD_RUNPATH_SEARCH_PATHS = "$(inherited) @executable_path/Frameworks @loader_path/Frameworks";
				PRODUCT_NAME = "$(TARGET_NAME)";
				TEST_HOST = "$(BUILT_PRODUCTS_DIR)/DayXTrioSwift.app/DayXTrioSwift";
			};
			name = Debug;
		};
		27D423D91AF81CE00099F224 /* Release */ = {
			isa = XCBuildConfiguration;
			buildSettings = {
				BUNDLE_LOADER = "$(TEST_HOST)";
				FRAMEWORK_SEARCH_PATHS = (
					"$(SDKROOT)/Developer/Library/Frameworks",
					"$(inherited)",
				);
				INFOPLIST_FILE = DayXTrioSwiftTests/Info.plist;
				LD_RUNPATH_SEARCH_PATHS = "$(inherited) @executable_path/Frameworks @loader_path/Frameworks";
				PRODUCT_NAME = "$(TARGET_NAME)";
				TEST_HOST = "$(BUILT_PRODUCTS_DIR)/DayXTrioSwift.app/DayXTrioSwift";
			};
			name = Release;
		};
/* End XCBuildConfiguration section */

/* Begin XCConfigurationList section */
		27D423B01AF81CDF0099F224 /* Build configuration list for PBXProject "DayXTrioSwift" */ = {
			isa = XCConfigurationList;
			buildConfigurations = (
				27D423D21AF81CE00099F224 /* Debug */,
				27D423D31AF81CE00099F224 /* Release */,
			);
			defaultConfigurationIsVisible = 0;
			defaultConfigurationName = Release;
		};
		27D423D41AF81CE00099F224 /* Build configuration list for PBXNativeTarget "DayXTrioSwift" */ = {
			isa = XCConfigurationList;
			buildConfigurations = (
				27D423D51AF81CE00099F224 /* Debug */,
				27D423D61AF81CE00099F224 /* Release */,
			);
			defaultConfigurationIsVisible = 0;
			defaultConfigurationName = Release;
		};
		27D423D71AF81CE00099F224 /* Build configuration list for PBXNativeTarget "DayXTrioSwiftTests" */ = {
			isa = XCConfigurationList;
			buildConfigurations = (
				27D423D81AF81CE00099F224 /* Debug */,
				27D423D91AF81CE00099F224 /* Release */,
			);
			defaultConfigurationIsVisible = 0;
			defaultConfigurationName = Release;
		};
/* End XCConfigurationList section */
	};
	rootObject = 27D423AD1AF81CDF0099F224 /* Project object */;
}
